
Microsoft Visual Studio Solution File, Format Version 11.00
# Visual Studio 2010
Project("{FAE04EC0-301F-11D3-BF4B-00C04F79EFBC}") = "HebMorph.CorpusReaders", "HebMorph.CorpusReaders.csproj", "{EE237190-F52A-47FC-8BAA-D03445A11172}"
EndProject
Global
	GlobalSection(SolutionConfigurationPlatforms) = preSolution
		Debug|Any CPU = Debug|Any CPU
		Release|Any CPU = Release|Any CPU
	EndGlobalSection
	GlobalSection(ProjectConfigurationPlatforms) = postSolution
		{EE237190-F52A-47FC-8BAA-D03445A11172}.Debug|Any CPU.ActiveCfg = Debug|Any CPU
		{EE237190-F52A-47FC-8BAA-D03445A11172}.Debug|Any CPU.Build.0 = Debug|Any CPU
		{EE237190-F52A-47FC-8BAA-D03445A11172}.Release|Any CPU.ActiveCfg = Release|Any CPU
		{EE237190-F52A-47FC-8BAA-D03445A11172}.Release|Any CPU.Build.0 = Release|Any CPU
	EndGlobalSection
	GlobalSection(SolutionProperties) = preSolution
		HideSolutionNode = FALSE
	EndGlobalSection
EndGlobal
